
Microsoft Visual Studio Solution File, Format Version 12.00
# Visual Studio 2012
Project("{F184B08F-C81C-45F6-A57F-5ABD9991F28F}") = "Pa3X-attacker", "Pa3X-attacker\Pa3X-attacker.vbproj", "{A23FF71D-B0C0-44E9-8AF1-130D1C6AF030}"
EndProject
Global
	GlobalSection(SolutionConfigurationPlatforms) = preSolution
		Debug|Any CPU = Debug|Any CPU
		Release|Any CPU = Release|Any CPU
	EndGlobalSection
	GlobalSection(ProjectConfigurationPlatforms) = postSolution
		{A23FF71D-B0C0-44E9-8AF1-130D1C6AF030}.Debug|Any CPU.ActiveCfg = Debug|Any CPU
		{A23FF71D-B0C0-44E9-8AF1-130D1C6AF030}.Debug|Any CPU.Build.0 = Debug|Any CPU
		{A23FF71D-B0C0-44E9-8AF1-130D1C6AF030}.Release|Any CPU.ActiveCfg = Release|Any CPU
		{A23FF71D-B0C0-44E9-8AF1-130D1C6AF030}.Release|Any CPU.Build.0 = Release|Any CPU
	EndGlobalSection
	GlobalSection(SolutionProperties) = preSolution
		HideSolutionNode = FALSE
	EndGlobalSection
EndGlobal
